{
  "name": "lab_3",
  "version": "1.0.0",
  "lockfileVersion": 3,
  "requires": true,
  "packages": {
    "": {
      "name": "lab_3",
      "version": "1.0.0",
      "license": "MIT",
      "dependencies": {
        "systeminformation": "^5.18.1"
      }
    },
    "node_modules/systeminformation": {
      "version": "5.18.1",
      "resolved": "https://registry.npmjs.org/systeminformation/-/systeminformation-5.18.1.tgz",
      "integrity": "sha512-+4JZcjsYKh8J9fAQ6l0tT8TBck6mbm69+csfZbCUQvCcnCKID9l2JRMQ2ERZ7fznys12go1I9o7AnrLUkjFGeQ==",
      "os": [
        "darwin",
        "linux",
        "win32",
        "freebsd",
        "openbsd",
        "netbsd",
        "sunos",
        "android"
      ],
      "bin": {
        "systeminformation": "lib/cli.js"
      },
      "engines": {
        "node": ">=8.0.0"
      },
      "funding": {
        "type": "Buy me a coffee",
        "url": "https://www.buymeacoffee.com/systeminfo"
      }
    }
  }
}
